// !$*UTF8*$!
{
	archiveVersion = 1;
	classes = {
	};
	objectVersion = 55;
	objects = {

/* Begin PBXBuildFile section */
		CA087A9D275F2417005A2454 /* LastViewController.swift in Sources */ = {isa = PBXBuildFile; fileRef = CA087A9C275F2417005A2454 /* LastViewController.swift */; };
		CA087A9F275F245C005A2454 /* SeventhViewController.swift in Sources */ = {isa = PBXBuildFile; fileRef = CA087A9E275F245C005A2454 /* SeventhViewController.swift */; };
		CA087AA1275F25C8005A2454 /* EighthViewController.swift in Sources */ = {isa = PBXBuildFile; fileRef = CA087AA0275F25C8005A2454 /* EighthViewController.swift */; };
		CA087AA3275F27AD005A2454 /* NinthViewController.swift in Sources */ = {isa = PBXBuildFile; fileRef = CA087AA2275F27AD005A2454 /* NinthViewController.swift */; };
		CA087AA5275F3481005A2454 /* TenthViewController.swift in Sources */ = {isa = PBXBuildFile; fileRef = CA087AA4275F3481005A2454 /* TenthViewController.swift */; };
		CA087AA7275F35EE005A2454 /* EleventhViewController.swift in Sources */ = {isa = PBXBuildFile; fileRef = CA087AA6275F35EE005A2454 /* EleventhViewController.swift */; };
		CA087AA9275F3834005A2454 /* TwelfthViewController.swift in Sources */ = {isa = PBXBuildFile; fileRef = CA087AA8275F3834005A2454 /* TwelfthViewController.swift */; };
		CA341D4C275E779D000727E4 /* SixthViewController.swift in Sources */ = {isa = PBXBuildFile; fileRef = CA341D4B275E779C000727E4 /* SixthViewController.swift */; };
		CA926A86275C97CC00BE079F /* SecondViewController.swift in Sources */ = {isa = PBXBuildFile; fileRef = CA926A85275C97CC00BE079F /* SecondViewController.swift */; };
		CA926A88275C97D700BE079F /* ThirdViewController.swift in Sources */ = {isa = PBXBuildFile; fileRef = CA926A87275C97D700BE079F /* ThirdViewController.swift */; };
		CA926A8A275C984A00BE079F /* FourthViewController.swift in Sources */ = {isa = PBXBuildFile; fileRef = CA926A89275C984A00BE079F /* FourthViewController.swift */; };
		CA926A8C275C9ABF00BE079F /* FifthViewController.swift in Sources */ = {isa = PBXBuildFile; fileRef = CA926A8B275C9ABF00BE079F /* FifthViewController.swift */; };
		CA9D5167275C602800160454 /* AppDelegate.swift in Sources */ = {isa = PBXBuildFile; fileRef = CA9D5166275C602800160454 /* AppDelegate.swift */; };
		CA9D516B275C602800160454 /* ViewController.swift in Sources */ = {isa = PBXBuildFile; fileRef = CA9D516A275C602800160454 /* ViewController.swift */; };
		CA9D516E275C602800160454 /* Main.storyboard in Resources */ = {isa = PBXBuildFile; fileRef = CA9D516C275C602800160454 /* Main.storyboard */; };
		CA9D5170275C602800160454 /* Assets.xcassets in Resources */ = {isa = PBXBuildFile; fileRef = CA9D516F275C602800160454 /* Assets.xcassets */; };
		CA9D5173275C602800160454 /* LaunchScreen.storyboard in Resources */ = {isa = PBXBuildFile; fileRef = CA9D5171275C602800160454 /* LaunchScreen.storyboard */; };
/* End PBXBuildFile section */

/* Begin PBXFileReference section */
		CA087A9C275F2417005A2454 /* LastViewController.swift */ = {isa = PBXFileReference; lastKnownFileType = sourcecode.swift; path = LastViewController.swift; sourceTree = "<group>"; };
		CA087A9E275F245C005A2454 /* SeventhViewController.swift */ = {isa = PBXFileReference; lastKnownFileType = sourcecode.swift; path = SeventhViewController.swift; sourceTree = "<group>"; };
		CA087AA0275F25C8005A2454 /* EighthViewController.swift */ = {isa = PBXFileReference; lastKnownFileType = sourcecode.swift; path = EighthViewController.swift; sourceTree = "<group>"; };
		CA087AA2275F27AD005A2454 /* NinthViewController.swift */ = {isa = PBXFileReference; lastKnownFileType = sourcecode.swift; path = NinthViewController.swift; sourceTree = "<group>"; };
		CA087AA4275F3481005A2454 /* TenthViewController.swift */ = {isa = PBXFileReference; lastKnownFileType = sourcecode.swift; path = TenthViewController.swift; sourceTree = "<group>"; };
		CA087AA6275F35EE005A2454 /* EleventhViewController.swift */ = {isa = PBXFileReference; lastKnownFileType = sourcecode.swift; path = EleventhViewController.swift; sourceTree = "<group>"; };
		CA087AA8275F3834005A2454 /* TwelfthViewController.swift */ = {isa = PBXFileReference; lastKnownFileType = sourcecode.swift; path = TwelfthViewController.swift; sourceTree = "<group>"; };
		CA341D4B275E779C000727E4 /* SixthViewController.swift */ = {isa = PBXFileReference; lastKnownFileType = sourcecode.swift; path = SixthViewController.swift; sourceTree = "<group>"; };
		CA926A85275C97CC00BE079F /* SecondViewController.swift */ = {isa = PBXFileReference; lastKnownFileType = sourcecode.swift; path = SecondViewController.swift; sourceTree = "<group>"; };
		CA926A87275C97D700BE079F /* ThirdViewController.swift */ = {isa = PBXFileReference; lastKnownFileType = sourcecode.swift; path = ThirdViewController.swift; sourceTree = "<group>"; };
		CA926A89275C984A00BE079F /* FourthViewController.swift */ = {isa = PBXFileReference; lastKnownFileType = sourcecode.swift; path = FourthViewController.swift; sourceTree = "<group>"; };
		CA926A8B275C9ABF00BE079F /* FifthViewController.swift */ = {isa = PBXFileReference; lastKnownFileType = sourcecode.swift; path = FifthViewController.swift; sourceTree = "<group>"; };
		CA9D5163275C602800160454 /* NavigationBarAppearance.app */ = {isa = PBXFileReference; explicitFileType = wrapper.application; includeInIndex = 0; path = NavigationBarAppearance.app; sourceTree = BUILT_PRODUCTS_DIR; };
		CA9D5166275C602800160454 /* AppDelegate.swift */ = {isa = PBXFileReference; lastKnownFileType = sourcecode.swift; path = AppDelegate.swift; sourceTree = "<group>"; };
		CA9D516A275C602800160454 /* ViewController.swift */ = {isa = PBXFileReference; lastKnownFileType = sourcecode.swift; path = ViewController.swift; sourceTree = "<group>"; };
		CA9D516D275C602800160454 /* Base */ = {isa = PBXFileReference; lastKnownFileType = file.storyboard; name = Base; path = Base.lproj/Main.storyboard; sourceTree = "<group>"; };
		CA9D516F275C602800160454 /* Assets.xcassets */ = {isa = PBXFileReference; lastKnownFileType = folder.assetcatalog; path = Assets.xcassets; sourceTree = "<group>"; };
		CA9D5172275C602800160454 /* Base */ = {isa = PBXFileReference; lastKnownFileType = file.storyboard; name = Base; path = Base.lproj/LaunchScreen.storyboard; sourceTree = "<group>"; };
		CA9D5174275C602800160454 /* Info.plist */ = {isa = PBXFileReference; lastKnownFileType = text.plist.xml; path = Info.plist; sourceTree = "<group>"; };
/* End PBXFileReference section */

/* Begin PBXFrameworksBuildPhase section */
		CA9D5160275C602800160454 /* Frameworks */ = {
			isa = PBXFrameworksBuildPhase;
			buildActionMask = 2147483647;
			files = (
			);
			runOnlyForDeploymentPostprocessing = 0;
		};
/* End PBXFrameworksBuildPhase section */

/* Begin PBXGroup section */
		CA9D515A275C602800160454 = {
			isa = PBXGroup;
			children = (
				CA9D5165275C602800160454 /* NavigationBarAppearance */,
				CA9D5164275C602800160454 /* Products */,
			);
			sourceTree = "<group>";
		};
		CA9D5164275C602800160454 /* Products */ = {
			isa = PBXGroup;
			children = (
				CA9D5163275C602800160454 /* NavigationBarAppearance.app */,
			);
			name = Products;
			sourceTree = "<group>";
		};
		CA9D5165275C602800160454 /* NavigationBarAppearance */ = {
			isa = PBXGroup;
			children = (
				CA9D5166275C602800160454 /* AppDelegate.swift */,
				CA9D516A275C602800160454 /* ViewController.swift */,
				CA926A85275C97CC00BE079F /* SecondViewController.swift */,
				CA926A87275C97D700BE079F /* ThirdViewController.swift */,
				CA926A89275C984A00BE079F /* FourthViewController.swift */,
				CA926A8B275C9ABF00BE079F /* FifthViewController.swift */,
				CA341D4B275E779C000727E4 /* SixthViewController.swift */,
				CA087A9E275F245C005A2454 /* SeventhViewController.swift */,
				CA087AA0275F25C8005A2454 /* EighthViewController.swift */,
				CA087AA2275F27AD005A2454 /* NinthViewController.swift */,
				CA087AA4275F3481005A2454 /* TenthViewController.swift */,
				CA087AA6275F35EE005A2454 /* EleventhViewController.swift */,
				CA087AA8275F3834005A2454 /* TwelfthViewController.swift */,
				CA087A9C275F2417005A2454 /* LastViewController.swift */,
				CA9D516C275C602800160454 /* Main.storyboard */,
				CA9D516F275C602800160454 /* Assets.xcassets */,
				CA9D5171275C602800160454 /* LaunchScreen.storyboard */,
				CA9D5174275C602800160454 /* Info.plist */,
			);
			path = NavigationBarAppearance;
			sourceTree = "<group>";
		};
/* End PBXGroup section */

/* Begin PBXNativeTarget section */
		CA9D5162275C602800160454 /* NavigationBarAppearance */ = {
			isa = PBXNativeTarget;
			buildConfigurationList = CA9D5177275C602800160454 /* Build configuration list for PBXNativeTarget "NavigationBarAppearance" */;
			buildPhases = (
				CA9D515F275C602800160454 /* Sources */,
				CA9D5160275C602800160454 /* Frameworks */,
				CA9D5161275C602800160454 /* Resources */,
			);
			buildRules = (
			);
			dependencies = (
			);
			name = NavigationBarAppearance;
			productName = NavigationBarAppearance;
			productReference = CA9D5163275C602800160454 /* NavigationBarAppearance.app */;
			productType = "com.apple.product-type.application";
		};
/* End PBXNativeTarget section */

/* Begin PBXProject section */
		CA9D515B275C602800160454 /* Project object */ = {
			isa = PBXProject;
			attributes = {
				BuildIndependentTargetsInParallel = 1;
				LastSwiftUpdateCheck = 1310;
				LastUpgradeCheck = 1310;
				TargetAttributes = {
					CA9D5162275C602800160454 = {
						CreatedOnToolsVersion = 13.1;
					};
				};
			};
			buildConfigurationList = CA9D515E275C602800160454 /* Build configuration list for PBXProject "NavigationBarAppearance" */;
			compatibilityVersion = "Xcode 13.0";
			developmentRegion = en;
			hasScannedForEncodings = 0;
			knownRegions = (
				en,
				Base,
			);
			mainGroup = CA9D515A275C602800160454;
			productRefGroup = CA9D5164275C602800160454 /* Products */;
			projectDirPath = "";
			projectRoot = "";
			targets = (
				CA9D5162275C602800160454 /* NavigationBarAppearance */,
			);
		};
/* End PBXProject section */

/* Begin PBXResourcesBuildPhase section */
		CA9D5161275C602800160454 /* Resources */ = {
			isa = PBXResourcesBuildPhase;
			buildActionMask = 2147483647;
			files = (
				CA9D5173275C602800160454 /* LaunchScreen.storyboard in Resources */,
				CA9D5170275C602800160454 /* Assets.xcassets in Resources */,
				CA9D516E275C602800160454 /* Main.storyboard in Resources */,
			);
			runOnlyForDeploymentPostprocessing = 0;
		};
/* End PBXResourcesBuildPhase section */

/* Begin PBXSourcesBuildPhase section */
		CA9D515F275C602800160454 /* Sources */ = {
			isa = PBXSourcesBuildPhase;
			buildActionMask = 2147483647;
			files = (
				CA926A8C275C9ABF00BE079F /* FifthViewController.swift in Sources */,
				CA087AA7275F35EE005A2454 /* EleventhViewController.swift in Sources */,
				CA341D4C275E779D000727E4 /* SixthViewController.swift in Sources */,
				CA087A9F275F245C005A2454 /* SeventhViewController.swift in Sources */,
				CA926A86275C97CC00BE079F /* SecondViewController.swift in Sources */,
				CA087AA3275F27AD005A2454 /* NinthViewController.swift in Sources */,
				CA9D516B275C602800160454 /* ViewController.swift in Sources */,
				CA087AA5275F3481005A2454 /* TenthViewController.swift in Sources */,
				CA087AA1275F25C8005A2454 /* EighthViewController.swift in Sources */,
				CA926A88275C97D700BE079F /* ThirdViewController.swift in Sources */,
				CA9D5167275C602800160454 /* AppDelegate.swift in Sources */,
				CA087AA9275F3834005A2454 /* TwelfthViewController.swift in Sources */,
				CA087A9D275F2417005A2454 /* LastViewController.swift in Sources */,
				CA926A8A275C984A00BE079F /* FourthViewController.swift in Sources */,
			);
			runOnlyForDeploymentPostprocessing = 0;
		};
/* End PBXSourcesBuildPhase section */

/* Begin PBXVariantGroup section */
		CA9D516C275C602800160454 /* Main.storyboard */ = {
			isa = PBXVariantGroup;
			children = (
				CA9D516D275C602800160454 /* Base */,
			);
			name = Main.storyboard;
			sourceTree = "<group>";
		};
		CA9D5171275C602800160454 /* LaunchScreen.storyboard */ = {
			isa = PBXVariantGroup;
			children = (
				CA9D5172275C602800160454 /* Base */,
			);
			name = LaunchScreen.storyboard;
			sourceTree = "<group>";
		};
/* End PBXVariantGroup section */

/* Begin XCBuildConfiguration section */
		CA9D5175275C602800160454 /* Debug */ = {
			isa = XCBuildConfiguration;
			buildSettings = {
				ALWAYS_SEARCH_USER_PATHS = NO;
				CLANG_ANALYZER_NONNULL = YES;
				CLANG_ANALYZER_NUMBER_OBJECT_CONVERSION = YES_AGGRESSIVE;
				CLANG_CXX_LANGUAGE_STANDARD = "gnu++17";
				CLANG_CXX_LIBRARY = "libc++";
				CLANG_ENABLE_MODULES = YES;
				CLANG_ENABLE_OBJC_ARC = YES;
				CLANG_ENABLE_OBJC_WEAK = YES;
				CLANG_WARN_BLOCK_CAPTURE_AUTORELEASING = YES;
				CLANG_WARN_BOOL_CONVERSION = YES;
				CLANG_WARN_COMMA = YES;
				CLANG_WARN_CONSTANT_CONVERSION = YES;
				CLANG_WARN_DEPRECATED_OBJC_IMPLEMENTATIONS = YES;
				CLANG_WARN_DIRECT_OBJC_ISA_USAGE = YES_ERROR;
				CLANG_WARN_DOCUMENTATION_COMMENTS = YES;
				CLANG_WARN_EMPTY_BODY = YES;
				CLANG_WARN_ENUM_CONVERSION = YES;
				CLANG_WARN_INFINITE_RECURSION = YES;
				CLANG_WARN_INT_CONVERSION = YES;
				CLANG_WARN_NON_LITERAL_NULL_CONVERSION = YES;
				CLANG_WARN_OBJC_IMPLICIT_RETAIN_SELF = YES;
				CLANG_WARN_OBJC_LITERAL_CONVERSION = YES;
				CLANG_WARN_OBJC_ROOT_CLASS = YES_ERROR;
				CLANG_WARN_QUOTED_INCLUDE_IN_FRAMEWORK_HEADER = YES;
				CLANG_WARN_RANGE_LOOP_ANALYSIS = YES;
				CLANG_WARN_STRICT_PROTOTYPES = YES;
				CLANG_WARN_SUSPICIOUS_MOVE = YES;
				CLANG_WARN_UNGUARDED_AVAILABILITY = YES_AGGRESSIVE;
				CLANG_WARN_UNREACHABLE_CODE = YES;
				CLANG_WARN__DUPLICATE_METHOD_MATCH = YES;
				COPY_PHASE_STRIP = NO;
				DEBUG_INFORMATION_FORMAT = dwarf;
				ENABLE_STRICT_OBJC_MSGSEND = YES;
				ENABLE_TESTABILITY = YES;
				GCC_C_LANGUAGE_STANDARD = gnu11;
				GCC_DYNAMIC_NO_PIC = NO;
				GCC_NO_COMMON_BLOCKS = YES;
				GCC_OPTIMIZATION_LEVEL = 0;
				GCC_PREPROCESSOR_DEFINITIONS = (
					"DEBUG=1",
					"$(inherited)",
				);
				GCC_WARN_64_TO_32_BIT_CONVERSION = YES;
				GCC_WARN_ABOUT_RETURN_TYPE = YES_ERROR;
				GCC_WARN_UNDECLARED_SELECTOR = YES;
				GCC_WARN_UNINITIALIZED_AUTOS = YES_AGGRESSIVE;
				GCC_WARN_UNUSED_FUNCTION = YES;
				GCC_WARN_UNUSED_VARIABLE = YES;
				IPHONEOS_DEPLOYMENT_TARGET = 15.0;
				MTL_ENABLE_DEBUG_INFO = INCLUDE_SOURCE;
				MTL_FAST_MATH = YES;
				ONLY_ACTIVE_ARCH = YES;
				SDKROOT = iphoneos;
				SWIFT_ACTIVE_COMPILATION_CONDITIONS = DEBUG;
				SWIFT_OPTIMIZATION_LEVEL = "-Onone";
			};
			name = Debug;
		};
		CA9D5176275C602800160454 /* Release */ = {
			isa = XCBuildConfiguration;
			buildSettings = {
				ALWAYS_SEARCH_USER_PATHS = NO;
				CLANG_ANALYZER_NONNULL = YES;
				CLANG_ANALYZER_NUMBER_OBJECT_CONVERSION = YES_AGGRESSIVE;
				CLANG_CXX_LANGUAGE_STANDARD = "gnu++17";
				CLANG_CXX_LIBRARY = "libc++";
				CLANG_ENABLE_MODULES = YES;
				CLANG_ENABLE_OBJC_ARC = YES;
				CLANG_ENABLE_OBJC_WEAK = YES;
				CLANG_WARN_BLOCK_CAPTURE_AUTORELEASING = YES;
				CLANG_WARN_BOOL_CONVERSION = YES;
				CLANG_WARN_COMMA = YES;
				CLANG_WARN_CONSTANT_CONVERSION = YES;
				CLANG_WARN_DEPRECATED_OBJC_IMPLEMENTATIONS = YES;
				CLANG_WARN_DIRECT_OBJC_ISA_USAGE = YES_ERROR;
				CLANG_WARN_DOCUMENTATION_COMMENTS = YES;
				CLANG_WARN_EMPTY_BODY = YES;
				CLANG_WARN_ENUM_CONVERSION = YES;
				CLANG_WARN_INFINITE_RECURSION = YES;
				CLANG_WARN_INT_CONVERSION = YES;
				CLANG_WARN_NON_LITERAL_NULL_CONVERSION = YES;
				CLANG_WARN_OBJC_IMPLICIT_RETAIN_SELF = YES;
				CLANG_WARN_OBJC_LITERAL_CONVERSION = YES;
				CLANG_WARN_OBJC_ROOT_CLASS = YES_ERROR;
				CLANG_WARN_QUOTED_INCLUDE_IN_FRAMEWORK_HEADER = YES;
				CLANG_WARN_RANGE_LOOP_ANALYSIS = YES;
				CLANG_WARN_STRICT_PROTOTYPES = YES;
				CLANG_WARN_SUSPICIOUS_MOVE = YES;
				CLANG_WARN_UNGUARDED_AVAILABILITY = YES_AGGRESSIVE;
				CLANG_WARN_UNREACHABLE_CODE = YES;
				CLANG_WARN__DUPLICATE_METHOD_MATCH = YES;
				COPY_PHASE_STRIP = NO;
				DEBUG_INFORMATION_FORMAT = "dwarf-with-dsym";
				ENABLE_NS_ASSERTIONS = NO;
				ENABLE_STRICT_OBJC_MSGSEND = YES;
				GCC_C_LANGUAGE_STANDARD = gnu11;
				GCC_NO_COMMON_BLOCKS = YES;
				GCC_WARN_64_TO_32_BIT_CONVERSION = YES;
				GCC_WARN_ABOUT_RETURN_TYPE = YES_ERROR;
				GCC_WARN_UNDECLARED_SELECTOR = YES;
				GCC_WARN_UNINITIALIZED_AUTOS = YES_AGGRESSIVE;
				GCC_WARN_UNUSED_FUNCTION = YES;
				GCC_WARN_UNUSED_VARIABLE = YES;
				IPHONEOS_DEPLOYMENT_TARGET = 15.0;
				MTL_ENABLE_DEBUG_INFO = NO;
				MTL_FAST_MATH = YES;
				SDKROOT = iphoneos;
				SWIFT_COMPILATION_MODE = wholemodule;
				SWIFT_OPTIMIZATION_LEVEL = "-O";
				VALIDATE_PRODUCT = YES;
			};
			name = Release;
		};
		CA9D5178275C602800160454 /* Debug */ = {
			isa = XCBuildConfiguration;
			buildSettings = {
				ASSETCATALOG_COMPILER_APPICON_NAME = AppIcon;
				ASSETCATALOG_COMPILER_GLOBAL_ACCENT_COLOR_NAME = AccentColor;
				CODE_SIGN_STYLE = Automatic;
				CURRENT_PROJECT_VERSION = 1;
				DEVELOPMENT_TEAM = X947N5A32A;
				GENERATE_INFOPLIST_FILE = YES;
				INFOPLIST_FILE = NavigationBarAppearance/Info.plist;
				INFOPLIST_KEY_UIApplicationSupportsIndirectInputEvents = YES;
				INFOPLIST_KEY_UILaunchStoryboardName = LaunchScreen;
				INFOPLIST_KEY_UIMainStoryboardFile = Main;
				INFOPLIST_KEY_UISupportedInterfaceOrientations_iPad = "UIInterfaceOrientationPortrait UIInterfaceOrientationPortraitUpsideDown UIInterfaceOrientationLandscapeLeft UIInterfaceOrientationLandscapeRight";
				INFOPLIST_KEY_UISupportedInterfaceOrientations_iPhone = "UIInterfaceOrientationPortrait UIInterfaceOrientationLandscapeLeft UIInterfaceOrientationLandscapeRight";
				IPHONEOS_DEPLOYMENT_TARGET = 14.0;
				LD_RUNPATH_SEARCH_PATHS = (
					"$(inherited)",
					"@executable_path/Frameworks",
				);
				MARKETING_VERSION = 1.0;
				PRODUCT_BUNDLE_IDENTIFIER = clyksb0731.NavigationBarAppearance;
				PRODUCT_NAME = "$(TARGET_NAME)";
				SWIFT_EMIT_LOC_STRINGS = YES;
				SWIFT_VERSION = 5.0;
				TARGETED_DEVICE_FAMILY = "1,2";
			};
			name = Debug;
		};
		CA9D5179275C602800160454 /* Release */ = {
			isa = XCBuildConfiguration;
			buildSettings = {
				ASSETCATALOG_COMPILER_APPICON_NAME = AppIcon;
				ASSETCATALOG_COMPILER_GLOBAL_ACCENT_COLOR_NAME = AccentColor;
				CODE_SIGN_STYLE = Automatic;
				CURRENT_PROJECT_VERSION = 1;
				DEVELOPMENT_TEAM = X947N5A32A;
				GENERATE_INFOPLIST_FILE = YES;
				INFOPLIST_FILE = NavigationBarAppearance/Info.plist;
				INFOPLIST_KEY_UIApplicationSupportsIndirectInputEvents = YES;
				INFOPLIST_KEY_UILaunchStoryboardName = LaunchScreen;
				INFOPLIST_KEY_UIMainStoryboardFile = Main;
				INFOPLIST_KEY_UISupportedInterfaceOrientations_iPad = "UIInterfaceOrientationPortrait UIInterfaceOrientationPortraitUpsideDown UIInterfaceOrientationLandscapeLeft UIInterfaceOrientationLandscapeRight";
				INFOPLIST_KEY_UISupportedInterfaceOrientations_iPhone = "UIInterfaceOrientationPortrait UIInterfaceOrientationLandscapeLeft UIInterfaceOrientationLandscapeRight";
				IPHONEOS_DEPLOYMENT_TARGET = 14.0;
				LD_RUNPATH_SEARCH_PATHS = (
					"$(inherited)",
					"@executable_path/Frameworks",
				);
				MARKETING_VERSION = 1.0;
				PRODUCT_BUNDLE_IDENTIFIER = clyksb0731.NavigationBarAppearance;
				PRODUCT_NAME = "$(TARGET_NAME)";
				SWIFT_EMIT_LOC_STRINGS = YES;
				SWIFT_VERSION = 5.0;
				TARGETED_DEVICE_FAMILY = "1,2";
			};
			name = Release;
		};
/* End XCBuildConfiguration section */

/* Begin XCConfigurationList section */
		CA9D515E275C602800160454 /* Build configuration list for PBXProject "NavigationBarAppearance" */ = {
			isa = XCConfigurationList;
			buildConfigurations = (
				CA9D5175275C602800160454 /* Debug */,
				CA9D5176275C602800160454 /* Release */,
			);
			defaultConfigurationIsVisible = 0;
			defaultConfigurationName = Release;
		};
		CA9D5177275C602800160454 /* Build configuration list for PBXNativeTarget "NavigationBarAppearance" */ = {
			isa = XCConfigurationList;
			buildConfigurations = (
				CA9D5178275C602800160454 /* Debug */,
				CA9D5179275C602800160454 /* Release */,
			);
			defaultConfigurationIsVisible = 0;
			defaultConfigurationName = Release;
		};
/* End XCConfigurationList section */
	};
	rootObject = CA9D515B275C602800160454 /* Project object */;
}
