// !$*UTF8*$!
{
	archiveVersion = 1;
	classes = {
	};
	objectVersion = 56;
	objects = {

/* Begin PBXBuildFile section */
		CA6C54D82A24E27B00B0A54D /* AppDelegate.swift in Sources */ = {isa = PBXBuildFile; fileRef = CA6C54D72A24E27B00B0A54D /* AppDelegate.swift */; };
		CA6C54DA2A24E27B00B0A54D /* SceneDelegate.swift in Sources */ = {isa = PBXBuildFile; fileRef = CA6C54D92A24E27B00B0A54D /* SceneDelegate.swift */; };
		CA6C54DC2A24E27B00B0A54D /* ViewController.swift in Sources */ = {isa = PBXBuildFile; fileRef = CA6C54DB2A24E27B00B0A54D /* ViewController.swift */; };
		CA6C54DF2A24E27B00B0A54D /* Main.storyboard in Resources */ = {isa = PBXBuildFile; fileRef = CA6C54DD2A24E27B00B0A54D /* Main.storyboard */; };
		CA6C54E12A24E27B00B0A54D /* Assets.xcassets in Resources */ = {isa = PBXBuildFile; fileRef = CA6C54E02A24E27B00B0A54D /* Assets.xcassets */; };
		CA6C54E42A24E27B00B0A54D /* LaunchScreen.storyboard in Resources */ = {isa = PBXBuildFile; fileRef = CA6C54E22A24E27B00B0A54D /* LaunchScreen.storyboard */; };
		CA6C54EC2A25024C00B0A54D /* SupportingMethods.swift in Sources */ = {isa = PBXBuildFile; fileRef = CA6C54EB2A25024C00B0A54D /* SupportingMethods.swift */; };
		CA6C54EE2A25070100B0A54D /* ViewController2.swift in Sources */ = {isa = PBXBuildFile; fileRef = CA6C54ED2A25070100B0A54D /* ViewController2.swift */; };
/* End PBXBuildFile section */

/* Begin PBXFileReference section */
		CA6C54D42A24E27B00B0A54D /* UIViewPropertyAnimator.app */ = {isa = PBXFileReference; explicitFileType = wrapper.application; includeInIndex = 0; path = UIViewPropertyAnimator.app; sourceTree = BUILT_PRODUCTS_DIR; };
		CA6C54D72A24E27B00B0A54D /* AppDelegate.swift */ = {isa = PBXFileReference; lastKnownFileType = sourcecode.swift; path = AppDelegate.swift; sourceTree = "<group>"; };
		CA6C54D92A24E27B00B0A54D /* SceneDelegate.swift */ = {isa = PBXFileReference; lastKnownFileType = sourcecode.swift; path = SceneDelegate.swift; sourceTree = "<group>"; };
		CA6C54DB2A24E27B00B0A54D /* ViewController.swift */ = {isa = PBXFileReference; lastKnownFileType = sourcecode.swift; path = ViewController.swift; sourceTree = "<group>"; };
		CA6C54DE2A24E27B00B0A54D /* Base */ = {isa = PBXFileReference; lastKnownFileType = file.storyboard; name = Base; path = Base.lproj/Main.storyboard; sourceTree = "<group>"; };
		CA6C54E02A24E27B00B0A54D /* Assets.xcassets */ = {isa = PBXFileReference; lastKnownFileType = folder.assetcatalog; path = Assets.xcassets; sourceTree = "<group>"; };
		CA6C54E32A24E27B00B0A54D /* Base */ = {isa = PBXFileReference; lastKnownFileType = file.storyboard; name = Base; path = Base.lproj/LaunchScreen.storyboard; sourceTree = "<group>"; };
		CA6C54E52A24E27B00B0A54D /* Info.plist */ = {isa = PBXFileReference; lastKnownFileType = text.plist.xml; path = Info.plist; sourceTree = "<group>"; };
		CA6C54EB2A25024C00B0A54D /* SupportingMethods.swift */ = {isa = PBXFileReference; lastKnownFileType = sourcecode.swift; path = SupportingMethods.swift; sourceTree = "<group>"; };
		CA6C54ED2A25070100B0A54D /* ViewController2.swift */ = {isa = PBXFileReference; lastKnownFileType = sourcecode.swift; path = ViewController2.swift; sourceTree = "<group>"; };
/* End PBXFileReference section */

/* Begin PBXFrameworksBuildPhase section */
		CA6C54D12A24E27B00B0A54D /* Frameworks */ = {
			isa = PBXFrameworksBuildPhase;
			buildActionMask = 2147483647;
			files = (
			);
			runOnlyForDeploymentPostprocessing = 0;
		};
/* End PBXFrameworksBuildPhase section */

/* Begin PBXGroup section */
		CA6C54CB2A24E27B00B0A54D = {
			isa = PBXGroup;
			children = (
				CA6C54D62A24E27B00B0A54D /* UIViewPropertyAnimator */,
				CA6C54D52A24E27B00B0A54D /* Products */,
			);
			sourceTree = "<group>";
		};
		CA6C54D52A24E27B00B0A54D /* Products */ = {
			isa = PBXGroup;
			children = (
				CA6C54D42A24E27B00B0A54D /* UIViewPropertyAnimator.app */,
			);
			name = Products;
			sourceTree = "<group>";
		};
		CA6C54D62A24E27B00B0A54D /* UIViewPropertyAnimator */ = {
			isa = PBXGroup;
			children = (
				CA6C54D72A24E27B00B0A54D /* AppDelegate.swift */,
				CA6C54D92A24E27B00B0A54D /* SceneDelegate.swift */,
				CA6C54DB2A24E27B00B0A54D /* ViewController.swift */,
				CA6C54ED2A25070100B0A54D /* ViewController2.swift */,
				CA6C54EB2A25024C00B0A54D /* SupportingMethods.swift */,
				CA6C54DD2A24E27B00B0A54D /* Main.storyboard */,
				CA6C54E02A24E27B00B0A54D /* Assets.xcassets */,
				CA6C54E22A24E27B00B0A54D /* LaunchScreen.storyboard */,
				CA6C54E52A24E27B00B0A54D /* Info.plist */,
			);
			path = UIViewPropertyAnimator;
			sourceTree = "<group>";
		};
/* End PBXGroup section */

/* Begin PBXNativeTarget section */
		CA6C54D32A24E27B00B0A54D /* UIViewPropertyAnimator */ = {
			isa = PBXNativeTarget;
			buildConfigurationList = CA6C54E82A24E27B00B0A54D /* Build configuration list for PBXNativeTarget "UIViewPropertyAnimator" */;
			buildPhases = (
				CA6C54D02A24E27B00B0A54D /* Sources */,
				CA6C54D12A24E27B00B0A54D /* Frameworks */,
				CA6C54D22A24E27B00B0A54D /* Resources */,
			);
			buildRules = (
			);
			dependencies = (
			);
			name = UIViewPropertyAnimator;
			productName = UIViewPropertyAnimator;
			productReference = CA6C54D42A24E27B00B0A54D /* UIViewPropertyAnimator.app */;
			productType = "com.apple.product-type.application";
		};
/* End PBXNativeTarget section */

/* Begin PBXProject section */
		CA6C54CC2A24E27B00B0A54D /* Project object */ = {
			isa = PBXProject;
			attributes = {
				BuildIndependentTargetsInParallel = 1;
				LastSwiftUpdateCheck = 1430;
				LastUpgradeCheck = 1430;
				TargetAttributes = {
					CA6C54D32A24E27B00B0A54D = {
						CreatedOnToolsVersion = 14.3;
					};
				};
			};
			buildConfigurationList = CA6C54CF2A24E27B00B0A54D /* Build configuration list for PBXProject "UIViewPropertyAnimator" */;
			compatibilityVersion = "Xcode 14.0";
			developmentRegion = en;
			hasScannedForEncodings = 0;
			knownRegions = (
				en,
				Base,
			);
			mainGroup = CA6C54CB2A24E27B00B0A54D;
			productRefGroup = CA6C54D52A24E27B00B0A54D /* Products */;
			projectDirPath = "";
			projectRoot = "";
			targets = (
				CA6C54D32A24E27B00B0A54D /* UIViewPropertyAnimator */,
			);
		};
/* End PBXProject section */

/* Begin PBXResourcesBuildPhase section */
		CA6C54D22A24E27B00B0A54D /* Resources */ = {
			isa = PBXResourcesBuildPhase;
			buildActionMask = 2147483647;
			files = (
				CA6C54E42A24E27B00B0A54D /* LaunchScreen.storyboard in Resources */,
				CA6C54E12A24E27B00B0A54D /* Assets.xcassets in Resources */,
				CA6C54DF2A24E27B00B0A54D /* Main.storyboard in Resources */,
			);
			runOnlyForDeploymentPostprocessing = 0;
		};
/* End PBXResourcesBuildPhase section */

/* Begin PBXSourcesBuildPhase section */
		CA6C54D02A24E27B00B0A54D /* Sources */ = {
			isa = PBXSourcesBuildPhase;
			buildActionMask = 2147483647;
			files = (
				CA6C54EE2A25070100B0A54D /* ViewController2.swift in Sources */,
				CA6C54DC2A24E27B00B0A54D /* ViewController.swift in Sources */,
				CA6C54EC2A25024C00B0A54D /* SupportingMethods.swift in Sources */,
				CA6C54D82A24E27B00B0A54D /* AppDelegate.swift in Sources */,
				CA6C54DA2A24E27B00B0A54D /* SceneDelegate.swift in Sources */,
			);
			runOnlyForDeploymentPostprocessing = 0;
		};
/* End PBXSourcesBuildPhase section */

/* Begin PBXVariantGroup section */
		CA6C54DD2A24E27B00B0A54D /* Main.storyboard */ = {
			isa = PBXVariantGroup;
			children = (
				CA6C54DE2A24E27B00B0A54D /* Base */,
			);
			name = Main.storyboard;
			sourceTree = "<group>";
		};
		CA6C54E22A24E27B00B0A54D /* LaunchScreen.storyboard */ = {
			isa = PBXVariantGroup;
			children = (
				CA6C54E32A24E27B00B0A54D /* Base */,
			);
			name = LaunchScreen.storyboard;
			sourceTree = "<group>";
		};
/* End PBXVariantGroup section */

/* Begin XCBuildConfiguration section */
		CA6C54E62A24E27B00B0A54D /* Debug */ = {
			isa = XCBuildConfiguration;
			buildSettings = {
				ALWAYS_SEARCH_USER_PATHS = NO;
				CLANG_ANALYZER_NONNULL = YES;
				CLANG_ANALYZER_NUMBER_OBJECT_CONVERSION = YES_AGGRESSIVE;
				CLANG_CXX_LANGUAGE_STANDARD = "gnu++20";
				CLANG_ENABLE_MODULES = YES;
				CLANG_ENABLE_OBJC_ARC = YES;
				CLANG_ENABLE_OBJC_WEAK = YES;
				CLANG_WARN_BLOCK_CAPTURE_AUTORELEASING = YES;
				CLANG_WARN_BOOL_CONVERSION = YES;
				CLANG_WARN_COMMA = YES;
				CLANG_WARN_CONSTANT_CONVERSION = YES;
				CLANG_WARN_DEPRECATED_OBJC_IMPLEMENTATIONS = YES;
				CLANG_WARN_DIRECT_OBJC_ISA_USAGE = YES_ERROR;
				CLANG_WARN_DOCUMENTATION_COMMENTS = YES;
				CLANG_WARN_EMPTY_BODY = YES;
				CLANG_WARN_ENUM_CONVERSION = YES;
				CLANG_WARN_INFINITE_RECURSION = YES;
				CLANG_WARN_INT_CONVERSION = YES;
				CLANG_WARN_NON_LITERAL_NULL_CONVERSION = YES;
				CLANG_WARN_OBJC_IMPLICIT_RETAIN_SELF = YES;
				CLANG_WARN_OBJC_LITERAL_CONVERSION = YES;
				CLANG_WARN_OBJC_ROOT_CLASS = YES_ERROR;
				CLANG_WARN_QUOTED_INCLUDE_IN_FRAMEWORK_HEADER = YES;
				CLANG_WARN_RANGE_LOOP_ANALYSIS = YES;
				CLANG_WARN_STRICT_PROTOTYPES = YES;
				CLANG_WARN_SUSPICIOUS_MOVE = YES;
				CLANG_WARN_UNGUARDED_AVAILABILITY = YES_AGGRESSIVE;
				CLANG_WARN_UNREACHABLE_CODE = YES;
				CLANG_WARN__DUPLICATE_METHOD_MATCH = YES;
				COPY_PHASE_STRIP = NO;
				DEBUG_INFORMATION_FORMAT = dwarf;
				ENABLE_STRICT_OBJC_MSGSEND = YES;
				ENABLE_TESTABILITY = YES;
				GCC_C_LANGUAGE_STANDARD = gnu11;
				GCC_DYNAMIC_NO_PIC = NO;
				GCC_NO_COMMON_BLOCKS = YES;
				GCC_OPTIMIZATION_LEVEL = 0;
				GCC_PREPROCESSOR_DEFINITIONS = (
					"DEBUG=1",
					"$(inherited)",
				);
				GCC_WARN_64_TO_32_BIT_CONVERSION = YES;
				GCC_WARN_ABOUT_RETURN_TYPE = YES_ERROR;
				GCC_WARN_UNDECLARED_SELECTOR = YES;
				GCC_WARN_UNINITIALIZED_AUTOS = YES_AGGRESSIVE;
				GCC_WARN_UNUSED_FUNCTION = YES;
				GCC_WARN_UNUSED_VARIABLE = YES;
				IPHONEOS_DEPLOYMENT_TARGET = 16.4;
				MTL_ENABLE_DEBUG_INFO = INCLUDE_SOURCE;
				MTL_FAST_MATH = YES;
				ONLY_ACTIVE_ARCH = YES;
				SDKROOT = iphoneos;
				SWIFT_ACTIVE_COMPILATION_CONDITIONS = DEBUG;
				SWIFT_OPTIMIZATION_LEVEL = "-Onone";
			};
			name = Debug;
		};
		CA6C54E72A24E27B00B0A54D /* Release */ = {
			isa = XCBuildConfiguration;
			buildSettings = {
				ALWAYS_SEARCH_USER_PATHS = NO;
				CLANG_ANALYZER_NONNULL = YES;
				CLANG_ANALYZER_NUMBER_OBJECT_CONVERSION = YES_AGGRESSIVE;
				CLANG_CXX_LANGUAGE_STANDARD = "gnu++20";
				CLANG_ENABLE_MODULES = YES;
				CLANG_ENABLE_OBJC_ARC = YES;
				CLANG_ENABLE_OBJC_WEAK = YES;
				CLANG_WARN_BLOCK_CAPTURE_AUTORELEASING = YES;
				CLANG_WARN_BOOL_CONVERSION = YES;
				CLANG_WARN_COMMA = YES;
				CLANG_WARN_CONSTANT_CONVERSION = YES;
				CLANG_WARN_DEPRECATED_OBJC_IMPLEMENTATIONS = YES;
				CLANG_WARN_DIRECT_OBJC_ISA_USAGE = YES_ERROR;
				CLANG_WARN_DOCUMENTATION_COMMENTS = YES;
				CLANG_WARN_EMPTY_BODY = YES;
				CLANG_WARN_ENUM_CONVERSION = YES;
				CLANG_WARN_INFINITE_RECURSION = YES;
				CLANG_WARN_INT_CONVERSION = YES;
				CLANG_WARN_NON_LITERAL_NULL_CONVERSION = YES;
				CLANG_WARN_OBJC_IMPLICIT_RETAIN_SELF = YES;
				CLANG_WARN_OBJC_LITERAL_CONVERSION = YES;
				CLANG_WARN_OBJC_ROOT_CLASS = YES_ERROR;
				CLANG_WARN_QUOTED_INCLUDE_IN_FRAMEWORK_HEADER = YES;
				CLANG_WARN_RANGE_LOOP_ANALYSIS = YES;
				CLANG_WARN_STRICT_PROTOTYPES = YES;
				CLANG_WARN_SUSPICIOUS_MOVE = YES;
				CLANG_WARN_UNGUARDED_AVAILABILITY = YES_AGGRESSIVE;
				CLANG_WARN_UNREACHABLE_CODE = YES;
				CLANG_WARN__DUPLICATE_METHOD_MATCH = YES;
				COPY_PHASE_STRIP = NO;
				DEBUG_INFORMATION_FORMAT = "dwarf-with-dsym";
				ENABLE_NS_ASSERTIONS = NO;
				ENABLE_STRICT_OBJC_MSGSEND = YES;
				GCC_C_LANGUAGE_STANDARD = gnu11;
				GCC_NO_COMMON_BLOCKS = YES;
				GCC_WARN_64_TO_32_BIT_CONVERSION = YES;
				GCC_WARN_ABOUT_RETURN_TYPE = YES_ERROR;
				GCC_WARN_UNDECLARED_SELECTOR = YES;
				GCC_WARN_UNINITIALIZED_AUTOS = YES_AGGRESSIVE;
				GCC_WARN_UNUSED_FUNCTION = YES;
				GCC_WARN_UNUSED_VARIABLE = YES;
				IPHONEOS_DEPLOYMENT_TARGET = 16.4;
				MTL_ENABLE_DEBUG_INFO = NO;
				MTL_FAST_MATH = YES;
				SDKROOT = iphoneos;
				SWIFT_COMPILATION_MODE = wholemodule;
				SWIFT_OPTIMIZATION_LEVEL = "-O";
				VALIDATE_PRODUCT = YES;
			};
			name = Release;
		};
		CA6C54E92A24E27B00B0A54D /* Debug */ = {
			isa = XCBuildConfiguration;
			buildSettings = {
				ASSETCATALOG_COMPILER_APPICON_NAME = AppIcon;
				ASSETCATALOG_COMPILER_GLOBAL_ACCENT_COLOR_NAME = AccentColor;
				CODE_SIGN_STYLE = Automatic;
				CURRENT_PROJECT_VERSION = 1;
				DEVELOPMENT_TEAM = X947N5A32A;
				GENERATE_INFOPLIST_FILE = YES;
				INFOPLIST_FILE = UIViewPropertyAnimator/Info.plist;
				INFOPLIST_KEY_UIApplicationSupportsIndirectInputEvents = YES;
				INFOPLIST_KEY_UILaunchStoryboardName = LaunchScreen;
				INFOPLIST_KEY_UIMainStoryboardFile = Main;
				INFOPLIST_KEY_UISupportedInterfaceOrientations_iPad = "UIInterfaceOrientationPortrait UIInterfaceOrientationPortraitUpsideDown UIInterfaceOrientationLandscapeLeft UIInterfaceOrientationLandscapeRight";
				INFOPLIST_KEY_UISupportedInterfaceOrientations_iPhone = "UIInterfaceOrientationPortrait UIInterfaceOrientationLandscapeLeft UIInterfaceOrientationLandscapeRight";
				LD_RUNPATH_SEARCH_PATHS = (
					"$(inherited)",
					"@executable_path/Frameworks",
				);
				MARKETING_VERSION = 1.0;
				PRODUCT_BUNDLE_IDENTIFIER = clyksb0731.UIViewPropertyAnimator;
				PRODUCT_NAME = "$(TARGET_NAME)";
				SWIFT_EMIT_LOC_STRINGS = YES;
				SWIFT_VERSION = 5.0;
				TARGETED_DEVICE_FAMILY = "1,2";
			};
			name = Debug;
		};
		CA6C54EA2A24E27B00B0A54D /* Release */ = {
			isa = XCBuildConfiguration;
			buildSettings = {
				ASSETCATALOG_COMPILER_APPICON_NAME = AppIcon;
				ASSETCATALOG_COMPILER_GLOBAL_ACCENT_COLOR_NAME = AccentColor;
				CODE_SIGN_STYLE = Automatic;
				CURRENT_PROJECT_VERSION = 1;
				DEVELOPMENT_TEAM = X947N5A32A;
				GENERATE_INFOPLIST_FILE = YES;
				INFOPLIST_FILE = UIViewPropertyAnimator/Info.plist;
				INFOPLIST_KEY_UIApplicationSupportsIndirectInputEvents = YES;
				INFOPLIST_KEY_UILaunchStoryboardName = LaunchScreen;
				INFOPLIST_KEY_UIMainStoryboardFile = Main;
				INFOPLIST_KEY_UISupportedInterfaceOrientations_iPad = "UIInterfaceOrientationPortrait UIInterfaceOrientationPortraitUpsideDown UIInterfaceOrientationLandscapeLeft UIInterfaceOrientationLandscapeRight";
				INFOPLIST_KEY_UISupportedInterfaceOrientations_iPhone = "UIInterfaceOrientationPortrait UIInterfaceOrientationLandscapeLeft UIInterfaceOrientationLandscapeRight";
				LD_RUNPATH_SEARCH_PATHS = (
					"$(inherited)",
					"@executable_path/Frameworks",
				);
				MARKETING_VERSION = 1.0;
				PRODUCT_BUNDLE_IDENTIFIER = clyksb0731.UIViewPropertyAnimator;
				PRODUCT_NAME = "$(TARGET_NAME)";
				SWIFT_EMIT_LOC_STRINGS = YES;
				SWIFT_VERSION = 5.0;
				TARGETED_DEVICE_FAMILY = "1,2";
			};
			name = Release;
		};
/* End XCBuildConfiguration section */

/* Begin XCConfigurationList section */
		CA6C54CF2A24E27B00B0A54D /* Build configuration list for PBXProject "UIViewPropertyAnimator" */ = {
			isa = XCConfigurationList;
			buildConfigurations = (
				CA6C54E62A24E27B00B0A54D /* Debug */,
				CA6C54E72A24E27B00B0A54D /* Release */,
			);
			defaultConfigurationIsVisible = 0;
			defaultConfigurationName = Release;
		};
		CA6C54E82A24E27B00B0A54D /* Build configuration list for PBXNativeTarget "UIViewPropertyAnimator" */ = {
			isa = XCConfigurationList;
			buildConfigurations = (
				CA6C54E92A24E27B00B0A54D /* Debug */,
				CA6C54EA2A24E27B00B0A54D /* Release */,
			);
			defaultConfigurationIsVisible = 0;
			defaultConfigurationName = Release;
		};
/* End XCConfigurationList section */
	};
	rootObject = CA6C54CC2A24E27B00B0A54D /* Project object */;
}
