// !$*UTF8*$!
{
	archiveVersion = 1;
	classes = {
	};
	objectVersion = 55;
	objects = {

/* Begin PBXBuildFile section */
		CA54BB572753534F005BD93B /* AppDelegate.swift in Sources */ = {isa = PBXBuildFile; fileRef = CA54BB562753534F005BD93B /* AppDelegate.swift */; };
		CA54BB5E27535350005BD93B /* Main.storyboard in Resources */ = {isa = PBXBuildFile; fileRef = CA54BB5C27535350005BD93B /* Main.storyboard */; };
		CA54BB6027535351005BD93B /* Assets.xcassets in Resources */ = {isa = PBXBuildFile; fileRef = CA54BB5F27535351005BD93B /* Assets.xcassets */; };
		CA54BB6327535351005BD93B /* LaunchScreen.storyboard in Resources */ = {isa = PBXBuildFile; fileRef = CA54BB6127535351005BD93B /* LaunchScreen.storyboard */; };
		CA54BB6B2753542A005BD93B /* CentralManagerViewController.swift in Sources */ = {isa = PBXBuildFile; fileRef = CA54BB6A2753542A005BD93B /* CentralManagerViewController.swift */; };
		CA54BB6D2753543C005BD93B /* PeripheralManagerViewController.swift in Sources */ = {isa = PBXBuildFile; fileRef = CA54BB6C2753543C005BD93B /* PeripheralManagerViewController.swift */; };
		CA54BB6F27535471005BD93B /* PeripheralListViewController.swift in Sources */ = {isa = PBXBuildFile; fileRef = CA54BB6E27535471005BD93B /* PeripheralListViewController.swift */; };
		CA54BB7127535498005BD93B /* PeripheralCell.swift in Sources */ = {isa = PBXBuildFile; fileRef = CA54BB7027535498005BD93B /* PeripheralCell.swift */; };
		CA54BB7327538C6F005BD93B /* UUIDs.swift in Sources */ = {isa = PBXBuildFile; fileRef = CA54BB7227538C6F005BD93B /* UUIDs.swift */; };
/* End PBXBuildFile section */

/* Begin PBXFileReference section */
		CA54BB532753534F005BD93B /* BLEPractice.app */ = {isa = PBXFileReference; explicitFileType = wrapper.application; includeInIndex = 0; path = BLEPractice.app; sourceTree = BUILT_PRODUCTS_DIR; };
		CA54BB562753534F005BD93B /* AppDelegate.swift */ = {isa = PBXFileReference; lastKnownFileType = sourcecode.swift; path = AppDelegate.swift; sourceTree = "<group>"; };
		CA54BB5D27535350005BD93B /* Base */ = {isa = PBXFileReference; lastKnownFileType = file.storyboard; name = Base; path = Base.lproj/Main.storyboard; sourceTree = "<group>"; };
		CA54BB5F27535351005BD93B /* Assets.xcassets */ = {isa = PBXFileReference; lastKnownFileType = folder.assetcatalog; path = Assets.xcassets; sourceTree = "<group>"; };
		CA54BB6227535351005BD93B /* Base */ = {isa = PBXFileReference; lastKnownFileType = file.storyboard; name = Base; path = Base.lproj/LaunchScreen.storyboard; sourceTree = "<group>"; };
		CA54BB6427535351005BD93B /* Info.plist */ = {isa = PBXFileReference; lastKnownFileType = text.plist.xml; path = Info.plist; sourceTree = "<group>"; };
		CA54BB6A2753542A005BD93B /* CentralManagerViewController.swift */ = {isa = PBXFileReference; lastKnownFileType = sourcecode.swift; path = CentralManagerViewController.swift; sourceTree = "<group>"; };
		CA54BB6C2753543C005BD93B /* PeripheralManagerViewController.swift */ = {isa = PBXFileReference; lastKnownFileType = sourcecode.swift; path = PeripheralManagerViewController.swift; sourceTree = "<group>"; };
		CA54BB6E27535471005BD93B /* PeripheralListViewController.swift */ = {isa = PBXFileReference; lastKnownFileType = sourcecode.swift; path = PeripheralListViewController.swift; sourceTree = "<group>"; };
		CA54BB7027535498005BD93B /* PeripheralCell.swift */ = {isa = PBXFileReference; lastKnownFileType = sourcecode.swift; path = PeripheralCell.swift; sourceTree = "<group>"; };
		CA54BB7227538C6F005BD93B /* UUIDs.swift */ = {isa = PBXFileReference; lastKnownFileType = sourcecode.swift; path = UUIDs.swift; sourceTree = "<group>"; };
/* End PBXFileReference section */

/* Begin PBXFrameworksBuildPhase section */
		CA54BB502753534F005BD93B /* Frameworks */ = {
			isa = PBXFrameworksBuildPhase;
			buildActionMask = 2147483647;
			files = (
			);
			runOnlyForDeploymentPostprocessing = 0;
		};
/* End PBXFrameworksBuildPhase section */

/* Begin PBXGroup section */
		CA54BB4A2753534F005BD93B = {
			isa = PBXGroup;
			children = (
				CA54BB552753534F005BD93B /* BLEPractice */,
				CA54BB542753534F005BD93B /* Products */,
			);
			sourceTree = "<group>";
		};
		CA54BB542753534F005BD93B /* Products */ = {
			isa = PBXGroup;
			children = (
				CA54BB532753534F005BD93B /* BLEPractice.app */,
			);
			name = Products;
			sourceTree = "<group>";
		};
		CA54BB552753534F005BD93B /* BLEPractice */ = {
			isa = PBXGroup;
			children = (
				CA54BB562753534F005BD93B /* AppDelegate.swift */,
				CA54BB6A2753542A005BD93B /* CentralManagerViewController.swift */,
				CA54BB6E27535471005BD93B /* PeripheralListViewController.swift */,
				CA54BB7027535498005BD93B /* PeripheralCell.swift */,
				CA54BB6C2753543C005BD93B /* PeripheralManagerViewController.swift */,
				CA54BB7227538C6F005BD93B /* UUIDs.swift */,
				CA54BB5C27535350005BD93B /* Main.storyboard */,
				CA54BB5F27535351005BD93B /* Assets.xcassets */,
				CA54BB6127535351005BD93B /* LaunchScreen.storyboard */,
				CA54BB6427535351005BD93B /* Info.plist */,
			);
			path = BLEPractice;
			sourceTree = "<group>";
		};
/* End PBXGroup section */

/* Begin PBXNativeTarget section */
		CA54BB522753534F005BD93B /* BLEPractice */ = {
			isa = PBXNativeTarget;
			buildConfigurationList = CA54BB6727535351005BD93B /* Build configuration list for PBXNativeTarget "BLEPractice" */;
			buildPhases = (
				CA54BB4F2753534F005BD93B /* Sources */,
				CA54BB502753534F005BD93B /* Frameworks */,
				CA54BB512753534F005BD93B /* Resources */,
			);
			buildRules = (
			);
			dependencies = (
			);
			name = BLEPractice;
			productName = BLEPractice;
			productReference = CA54BB532753534F005BD93B /* BLEPractice.app */;
			productType = "com.apple.product-type.application";
		};
/* End PBXNativeTarget section */

/* Begin PBXProject section */
		CA54BB4B2753534F005BD93B /* Project object */ = {
			isa = PBXProject;
			attributes = {
				BuildIndependentTargetsInParallel = 1;
				LastSwiftUpdateCheck = 1310;
				LastUpgradeCheck = 1310;
				TargetAttributes = {
					CA54BB522753534F005BD93B = {
						CreatedOnToolsVersion = 13.1;
					};
				};
			};
			buildConfigurationList = CA54BB4E2753534F005BD93B /* Build configuration list for PBXProject "BLEPractice" */;
			compatibilityVersion = "Xcode 13.0";
			developmentRegion = en;
			hasScannedForEncodings = 0;
			knownRegions = (
				en,
				Base,
			);
			mainGroup = CA54BB4A2753534F005BD93B;
			productRefGroup = CA54BB542753534F005BD93B /* Products */;
			projectDirPath = "";
			projectRoot = "";
			targets = (
				CA54BB522753534F005BD93B /* BLEPractice */,
			);
		};
/* End PBXProject section */

/* Begin PBXResourcesBuildPhase section */
		CA54BB512753534F005BD93B /* Resources */ = {
			isa = PBXResourcesBuildPhase;
			buildActionMask = 2147483647;
			files = (
				CA54BB6327535351005BD93B /* LaunchScreen.storyboard in Resources */,
				CA54BB6027535351005BD93B /* Assets.xcassets in Resources */,
				CA54BB5E27535350005BD93B /* Main.storyboard in Resources */,
			);
			runOnlyForDeploymentPostprocessing = 0;
		};
/* End PBXResourcesBuildPhase section */

/* Begin PBXSourcesBuildPhase section */
		CA54BB4F2753534F005BD93B /* Sources */ = {
			isa = PBXSourcesBuildPhase;
			buildActionMask = 2147483647;
			files = (
				CA54BB7327538C6F005BD93B /* UUIDs.swift in Sources */,
				CA54BB6F27535471005BD93B /* PeripheralListViewController.swift in Sources */,
				CA54BB7127535498005BD93B /* PeripheralCell.swift in Sources */,
				CA54BB6D2753543C005BD93B /* PeripheralManagerViewController.swift in Sources */,
				CA54BB6B2753542A005BD93B /* CentralManagerViewController.swift in Sources */,
				CA54BB572753534F005BD93B /* AppDelegate.swift in Sources */,
			);
			runOnlyForDeploymentPostprocessing = 0;
		};
/* End PBXSourcesBuildPhase section */

/* Begin PBXVariantGroup section */
		CA54BB5C27535350005BD93B /* Main.storyboard */ = {
			isa = PBXVariantGroup;
			children = (
				CA54BB5D27535350005BD93B /* Base */,
			);
			name = Main.storyboard;
			sourceTree = "<group>";
		};
		CA54BB6127535351005BD93B /* LaunchScreen.storyboard */ = {
			isa = PBXVariantGroup;
			children = (
				CA54BB6227535351005BD93B /* Base */,
			);
			name = LaunchScreen.storyboard;
			sourceTree = "<group>";
		};
/* End PBXVariantGroup section */

/* Begin XCBuildConfiguration section */
		CA54BB6527535351005BD93B /* Debug */ = {
			isa = XCBuildConfiguration;
			buildSettings = {
				ALWAYS_SEARCH_USER_PATHS = NO;
				CLANG_ANALYZER_NONNULL = YES;
				CLANG_ANALYZER_NUMBER_OBJECT_CONVERSION = YES_AGGRESSIVE;
				CLANG_CXX_LANGUAGE_STANDARD = "gnu++17";
				CLANG_CXX_LIBRARY = "libc++";
				CLANG_ENABLE_MODULES = YES;
				CLANG_ENABLE_OBJC_ARC = YES;
				CLANG_ENABLE_OBJC_WEAK = YES;
				CLANG_WARN_BLOCK_CAPTURE_AUTORELEASING = YES;
				CLANG_WARN_BOOL_CONVERSION = YES;
				CLANG_WARN_COMMA = YES;
				CLANG_WARN_CONSTANT_CONVERSION = YES;
				CLANG_WARN_DEPRECATED_OBJC_IMPLEMENTATIONS = YES;
				CLANG_WARN_DIRECT_OBJC_ISA_USAGE = YES_ERROR;
				CLANG_WARN_DOCUMENTATION_COMMENTS = YES;
				CLANG_WARN_EMPTY_BODY = YES;
				CLANG_WARN_ENUM_CONVERSION = YES;
				CLANG_WARN_INFINITE_RECURSION = YES;
				CLANG_WARN_INT_CONVERSION = YES;
				CLANG_WARN_NON_LITERAL_NULL_CONVERSION = YES;
				CLANG_WARN_OBJC_IMPLICIT_RETAIN_SELF = YES;
				CLANG_WARN_OBJC_LITERAL_CONVERSION = YES;
				CLANG_WARN_OBJC_ROOT_CLASS = YES_ERROR;
				CLANG_WARN_QUOTED_INCLUDE_IN_FRAMEWORK_HEADER = YES;
				CLANG_WARN_RANGE_LOOP_ANALYSIS = YES;
				CLANG_WARN_STRICT_PROTOTYPES = YES;
				CLANG_WARN_SUSPICIOUS_MOVE = YES;
				CLANG_WARN_UNGUARDED_AVAILABILITY = YES_AGGRESSIVE;
				CLANG_WARN_UNREACHABLE_CODE = YES;
				CLANG_WARN__DUPLICATE_METHOD_MATCH = YES;
				COPY_PHASE_STRIP = NO;
				DEBUG_INFORMATION_FORMAT = dwarf;
				ENABLE_STRICT_OBJC_MSGSEND = YES;
				ENABLE_TESTABILITY = YES;
				GCC_C_LANGUAGE_STANDARD = gnu11;
				GCC_DYNAMIC_NO_PIC = NO;
				GCC_NO_COMMON_BLOCKS = YES;
				GCC_OPTIMIZATION_LEVEL = 0;
				GCC_PREPROCESSOR_DEFINITIONS = (
					"DEBUG=1",
					"$(inherited)",
				);
				GCC_WARN_64_TO_32_BIT_CONVERSION = YES;
				GCC_WARN_ABOUT_RETURN_TYPE = YES_ERROR;
				GCC_WARN_UNDECLARED_SELECTOR = YES;
				GCC_WARN_UNINITIALIZED_AUTOS = YES_AGGRESSIVE;
				GCC_WARN_UNUSED_FUNCTION = YES;
				GCC_WARN_UNUSED_VARIABLE = YES;
				IPHONEOS_DEPLOYMENT_TARGET = 15.0;
				MTL_ENABLE_DEBUG_INFO = INCLUDE_SOURCE;
				MTL_FAST_MATH = YES;
				ONLY_ACTIVE_ARCH = YES;
				SDKROOT = iphoneos;
				SWIFT_ACTIVE_COMPILATION_CONDITIONS = DEBUG;
				SWIFT_OPTIMIZATION_LEVEL = "-Onone";
			};
			name = Debug;
		};
		CA54BB6627535351005BD93B /* Release */ = {
			isa = XCBuildConfiguration;
			buildSettings = {
				ALWAYS_SEARCH_USER_PATHS = NO;
				CLANG_ANALYZER_NONNULL = YES;
				CLANG_ANALYZER_NUMBER_OBJECT_CONVERSION = YES_AGGRESSIVE;
				CLANG_CXX_LANGUAGE_STANDARD = "gnu++17";
				CLANG_CXX_LIBRARY = "libc++";
				CLANG_ENABLE_MODULES = YES;
				CLANG_ENABLE_OBJC_ARC = YES;
				CLANG_ENABLE_OBJC_WEAK = YES;
				CLANG_WARN_BLOCK_CAPTURE_AUTORELEASING = YES;
				CLANG_WARN_BOOL_CONVERSION = YES;
				CLANG_WARN_COMMA = YES;
				CLANG_WARN_CONSTANT_CONVERSION = YES;
				CLANG_WARN_DEPRECATED_OBJC_IMPLEMENTATIONS = YES;
				CLANG_WARN_DIRECT_OBJC_ISA_USAGE = YES_ERROR;
				CLANG_WARN_DOCUMENTATION_COMMENTS = YES;
				CLANG_WARN_EMPTY_BODY = YES;
				CLANG_WARN_ENUM_CONVERSION = YES;
				CLANG_WARN_INFINITE_RECURSION = YES;
				CLANG_WARN_INT_CONVERSION = YES;
				CLANG_WARN_NON_LITERAL_NULL_CONVERSION = YES;
				CLANG_WARN_OBJC_IMPLICIT_RETAIN_SELF = YES;
				CLANG_WARN_OBJC_LITERAL_CONVERSION = YES;
				CLANG_WARN_OBJC_ROOT_CLASS = YES_ERROR;
				CLANG_WARN_QUOTED_INCLUDE_IN_FRAMEWORK_HEADER = YES;
				CLANG_WARN_RANGE_LOOP_ANALYSIS = YES;
				CLANG_WARN_STRICT_PROTOTYPES = YES;
				CLANG_WARN_SUSPICIOUS_MOVE = YES;
				CLANG_WARN_UNGUARDED_AVAILABILITY = YES_AGGRESSIVE;
				CLANG_WARN_UNREACHABLE_CODE = YES;
				CLANG_WARN__DUPLICATE_METHOD_MATCH = YES;
				COPY_PHASE_STRIP = NO;
				DEBUG_INFORMATION_FORMAT = "dwarf-with-dsym";
				ENABLE_NS_ASSERTIONS = NO;
				ENABLE_STRICT_OBJC_MSGSEND = YES;
				GCC_C_LANGUAGE_STANDARD = gnu11;
				GCC_NO_COMMON_BLOCKS = YES;
				GCC_WARN_64_TO_32_BIT_CONVERSION = YES;
				GCC_WARN_ABOUT_RETURN_TYPE = YES_ERROR;
				GCC_WARN_UNDECLARED_SELECTOR = YES;
				GCC_WARN_UNINITIALIZED_AUTOS = YES_AGGRESSIVE;
				GCC_WARN_UNUSED_FUNCTION = YES;
				GCC_WARN_UNUSED_VARIABLE = YES;
				IPHONEOS_DEPLOYMENT_TARGET = 15.0;
				MTL_ENABLE_DEBUG_INFO = NO;
				MTL_FAST_MATH = YES;
				SDKROOT = iphoneos;
				SWIFT_COMPILATION_MODE = wholemodule;
				SWIFT_OPTIMIZATION_LEVEL = "-O";
				VALIDATE_PRODUCT = YES;
			};
			name = Release;
		};
		CA54BB6827535351005BD93B /* Debug */ = {
			isa = XCBuildConfiguration;
			buildSettings = {
				ASSETCATALOG_COMPILER_APPICON_NAME = AppIcon;
				ASSETCATALOG_COMPILER_GLOBAL_ACCENT_COLOR_NAME = AccentColor;
				CODE_SIGN_STYLE = Automatic;
				CURRENT_PROJECT_VERSION = 1;
				DEVELOPMENT_TEAM = X947N5A32A;
				GENERATE_INFOPLIST_FILE = YES;
				INFOPLIST_FILE = BLEPractice/Info.plist;
				INFOPLIST_KEY_UIApplicationSupportsIndirectInputEvents = YES;
				INFOPLIST_KEY_UILaunchStoryboardName = LaunchScreen;
				INFOPLIST_KEY_UISupportedInterfaceOrientations_iPad = "UIInterfaceOrientationPortrait UIInterfaceOrientationPortraitUpsideDown UIInterfaceOrientationLandscapeLeft UIInterfaceOrientationLandscapeRight";
				INFOPLIST_KEY_UISupportedInterfaceOrientations_iPhone = "UIInterfaceOrientationPortrait UIInterfaceOrientationLandscapeLeft UIInterfaceOrientationLandscapeRight";
				INFOPLIST_KEY_UIUserInterfaceStyle = Light;
				IPHONEOS_DEPLOYMENT_TARGET = 14.7;
				LD_RUNPATH_SEARCH_PATHS = (
					"$(inherited)",
					"@executable_path/Frameworks",
				);
				MARKETING_VERSION = 1.0;
				PRODUCT_BUNDLE_IDENTIFIER = clyksb0731.BLEPractice;
				PRODUCT_NAME = "$(TARGET_NAME)";
				SWIFT_EMIT_LOC_STRINGS = YES;
				SWIFT_VERSION = 5.0;
				TARGETED_DEVICE_FAMILY = 1;
			};
			name = Debug;
		};
		CA54BB6927535351005BD93B /* Release */ = {
			isa = XCBuildConfiguration;
			buildSettings = {
				ASSETCATALOG_COMPILER_APPICON_NAME = AppIcon;
				ASSETCATALOG_COMPILER_GLOBAL_ACCENT_COLOR_NAME = AccentColor;
				CODE_SIGN_STYLE = Automatic;
				CURRENT_PROJECT_VERSION = 1;
				DEVELOPMENT_TEAM = X947N5A32A;
				GENERATE_INFOPLIST_FILE = YES;
				INFOPLIST_FILE = BLEPractice/Info.plist;
				INFOPLIST_KEY_UIApplicationSupportsIndirectInputEvents = YES;
				INFOPLIST_KEY_UILaunchStoryboardName = LaunchScreen;
				INFOPLIST_KEY_UISupportedInterfaceOrientations_iPad = "UIInterfaceOrientationPortrait UIInterfaceOrientationPortraitUpsideDown UIInterfaceOrientationLandscapeLeft UIInterfaceOrientationLandscapeRight";
				INFOPLIST_KEY_UISupportedInterfaceOrientations_iPhone = "UIInterfaceOrientationPortrait UIInterfaceOrientationLandscapeLeft UIInterfaceOrientationLandscapeRight";
				INFOPLIST_KEY_UIUserInterfaceStyle = Light;
				IPHONEOS_DEPLOYMENT_TARGET = 14.7;
				LD_RUNPATH_SEARCH_PATHS = (
					"$(inherited)",
					"@executable_path/Frameworks",
				);
				MARKETING_VERSION = 1.0;
				PRODUCT_BUNDLE_IDENTIFIER = clyksb0731.BLEPractice;
				PRODUCT_NAME = "$(TARGET_NAME)";
				SWIFT_EMIT_LOC_STRINGS = YES;
				SWIFT_VERSION = 5.0;
				TARGETED_DEVICE_FAMILY = 1;
			};
			name = Release;
		};
/* End XCBuildConfiguration section */

/* Begin XCConfigurationList section */
		CA54BB4E2753534F005BD93B /* Build configuration list for PBXProject "BLEPractice" */ = {
			isa = XCConfigurationList;
			buildConfigurations = (
				CA54BB6527535351005BD93B /* Debug */,
				CA54BB6627535351005BD93B /* Release */,
			);
			defaultConfigurationIsVisible = 0;
			defaultConfigurationName = Release;
		};
		CA54BB6727535351005BD93B /* Build configuration list for PBXNativeTarget "BLEPractice" */ = {
			isa = XCConfigurationList;
			buildConfigurations = (
				CA54BB6827535351005BD93B /* Debug */,
				CA54BB6927535351005BD93B /* Release */,
			);
			defaultConfigurationIsVisible = 0;
			defaultConfigurationName = Release;
		};
/* End XCConfigurationList section */
	};
	rootObject = CA54BB4B2753534F005BD93B /* Project object */;
}
